
Microsoft Visual Studio Solution File, Format Version 12.00
# Visual Studio Version 17
VisualStudioVersion = 17.7.34031.279
MinimumVisualStudioVersion = 10.0.40219.1
Project("{FAE04EC0-301F-11D3-BF4B-00C04F79EFBC}") = "ConsoleAppDooptask2H1", "ConsoleAppDooptask2H1.csproj", "{D9C9F88A-D690-490A-9333-E1D60F496BEB}"
EndProject
Global
	GlobalSection(SolutionConfigurationPlatforms) = preSolution
		Debug|Any CPU = Debug|Any CPU
		Release|Any CPU = Release|Any CPU
	EndGlobalSection
	GlobalSection(ProjectConfigurationPlatforms) = postSolution
		{D9C9F88A-D690-490A-9333-E1D60F496BEB}.Debug|Any CPU.ActiveCfg = Debug|Any CPU
		{D9C9F88A-D690-490A-9333-E1D60F496BEB}.Debug|Any CPU.Build.0 = Debug|Any CPU
		{D9C9F88A-D690-490A-9333-E1D60F496BEB}.Release|Any CPU.ActiveCfg = Release|Any CPU
		{D9C9F88A-D690-490A-9333-E1D60F496BEB}.Release|Any CPU.Build.0 = Release|Any CPU
	EndGlobalSection
	GlobalSection(SolutionProperties) = preSolution
		HideSolutionNode = FALSE
	EndGlobalSection
	GlobalSection(ExtensibilityGlobals) = postSolution
		SolutionGuid = {1074E11F-5A32-4944-9150-A8C85A6E9223}
	EndGlobalSection
EndGlobal
